{
  "name": "fuck",
  "version": "0.1.0",
  "lockfileVersion": 2,
  "requires": true,
  "packages": {
    "": {
      "name": "fuck",
      "version": "0.1.0",
      "license": "ISC",
      "dependencies": {
        "chevrotain": "10.1.2",
        "concat-typed-array": "2.1.0"
      },
      "devDependencies": {
        "assemblyscript": "0.20.4"
      }
    },
    "node_modules/@chevrotain/cst-dts-gen": {
      "version": "10.1.2",
      "resolved": "https://registry.npmjs.org/@chevrotain/cst-dts-gen/-/cst-dts-gen-10.1.2.tgz",
      "integrity": "sha512-E/XrL0QlzExycPzwhOEZGVOheJ/Clr5uNv3oCds88MiNqEmg3UU1iauZk7DhjsUo3jgEW4lf0I5HRl7/HC5ZkQ==",
      "dependencies": {
        "@chevrotain/gast": "^10.1.2",
        "@chevrotain/types": "^10.1.2",
        "lodash": "4.17.21"
      }
    },
    "node_modules/@chevrotain/gast": {
      "version": "10.1.2",
      "resolved": "https://registry.npmjs.org/@chevrotain/gast/-/gast-10.1.2.tgz",
      "integrity": "sha512-er+TcxUOMuGOPoiOq8CJsRm92zGE4YPIYtyxJfxoVwVgtj4AMrPNCmrHvYaK/bsbt2DaDuFdcbbAfM9bcBXW6Q==",
      "dependencies": {
        "@chevrotain/types": "^10.1.2",
        "lodash": "4.17.21"
      }
    },
    "node_modules/@chevrotain/types": {
      "version": "10.1.2",
      "resolved": "https://registry.npmjs.org/@chevrotain/types/-/types-10.1.2.tgz",
      "integrity": "sha512-4qF9SmmWKv8AIG/3d+71VFuqLumNCQTP5GoL0CW6x7Ay2OdXm6FUgWFLTMneGUjYUk2C+MSCf7etQfdq3LEr1A=="
    },
    "node_modules/@chevrotain/utils": {
      "version": "10.1.2",
      "resolved": "https://registry.npmjs.org/@chevrotain/utils/-/utils-10.1.2.tgz",
      "integrity": "sha512-bbZIpW6fdyf7FMaeDmw3cBbkTqsecxEkwlVKgVfqqXWBPLH6azxhPA2V9F7OhoZSVrsnMYw7QuyK6qutXPjEew=="
    },
    "node_modules/assemblyscript": {
      "version": "0.20.4",
      "resolved": "https://registry.npmjs.org/assemblyscript/-/assemblyscript-0.20.4.tgz",
      "integrity": "sha512-ku/6G/Js5T3MGqQesaaBsZQA7EYi/hDIiR5EPEATHfJi/CTvmO7675SvRqUsk+RFtnjzEldZQk1VvQUq2Hx/xQ==",
      "dev": true,
      "dependencies": {
        "binaryen": "106.0.0-nightly.20220320",
        "long": "^5.2.0"
      },
      "bin": {
        "asc": "bin/asc.js",
        "asinit": "bin/asinit.js"
      },
      "funding": {
        "type": "opencollective",
        "url": "https://opencollective.com/assemblyscript"
      }
    },
    "node_modules/binaryen": {
      "version": "106.0.0-nightly.20220320",
      "resolved": "https://registry.npmjs.org/binaryen/-/binaryen-106.0.0-nightly.20220320.tgz",
      "integrity": "sha512-9Jzp9aOJ2uk2+viAiPr6+wi1BZKlxO4paTVm481RUEq3PIY63kdw78JoThrROt1s1qpCMuz0Oml6YqPJ7tep4w==",
      "dev": true,
      "bin": {
        "wasm-opt": "bin/wasm-opt",
        "wasm2js": "bin/wasm2js"
      }
    },
    "node_modules/chevrotain": {
      "version": "10.1.2",
      "resolved": "https://registry.npmjs.org/chevrotain/-/chevrotain-10.1.2.tgz",
      "integrity": "sha512-hvRiQuhhTZxkPMGD/dke+s1EGo8AkKDBU05CcufBO278qgAQSwIC4QyLdHz0CFHVtqVYWjlAS5D1KwvBbaHT+w==",
      "dependencies": {
        "@chevrotain/cst-dts-gen": "^10.1.2",
        "@chevrotain/gast": "^10.1.2",
        "@chevrotain/types": "^10.1.2",
        "@chevrotain/utils": "^10.1.2",
        "lodash": "4.17.21",
        "regexp-to-ast": "0.5.0"
      }
    },
    "node_modules/concat-typed-array": {
      "version": "2.1.0",
      "resolved": "https://registry.npmjs.org/concat-typed-array/-/concat-typed-array-2.1.0.tgz",
      "integrity": "sha512-JnQo9gCrN2wlqqDksAWvpg4GLj7O9N81U6crXX2IdmGvx1PVvPoEbgTry4XbHkvKTtTmyIIb6zgXOcJ/q7kMrw==",
      "funding": [
        {
          "type": "individual",
          "url": "https://paypal.me/dmnsgn"
        },
        {
          "type": "individual",
          "url": "https://commerce.coinbase.com/checkout/56cbdf28-e323-48d8-9c98-7019e72c97f3"
        }
      ],
      "engines": {
        "node": ">=15.0.0",
        "npm": ">=7.0.0"
      }
    },
    "node_modules/lodash": {
      "version": "4.17.21",
      "resolved": "https://registry.npmjs.org/lodash/-/lodash-4.17.21.tgz",
      "integrity": "sha512-v2kDEe57lecTulaDIuNTPy3Ry4gLGJ6Z1O3vE1krgXZNrsQ+LFTGHVxVjcXPs17LhbZVGedAJv8XZ1tvj5FvSg=="
    },
    "node_modules/long": {
      "version": "5.2.0",
      "resolved": "https://registry.npmjs.org/long/-/long-5.2.0.tgz",
      "integrity": "sha512-9RTUNjK60eJbx3uz+TEGF7fUr29ZDxR5QzXcyDpeSfeH28S9ycINflOgOlppit5U+4kNTe83KQnMEerw7GmE8w==",
      "dev": true
    },
    "node_modules/regexp-to-ast": {
      "version": "0.5.0",
      "resolved": "https://registry.npmjs.org/regexp-to-ast/-/regexp-to-ast-0.5.0.tgz",
      "integrity": "sha512-tlbJqcMHnPKI9zSrystikWKwHkBqu2a/Sgw01h3zFjvYrMxEDYHzzoMZnUrbIfpTFEsoRnnviOXNCzFiSc54Qw=="
    }
  },
  "dependencies": {
    "@chevrotain/cst-dts-gen": {
      "version": "10.1.2",
      "resolved": "https://registry.npmjs.org/@chevrotain/cst-dts-gen/-/cst-dts-gen-10.1.2.tgz",
      "integrity": "sha512-E/XrL0QlzExycPzwhOEZGVOheJ/Clr5uNv3oCds88MiNqEmg3UU1iauZk7DhjsUo3jgEW4lf0I5HRl7/HC5ZkQ==",
      "requires": {
        "@chevrotain/gast": "^10.1.2",
        "@chevrotain/types": "^10.1.2",
        "lodash": "4.17.21"
      }
    },
    "@chevrotain/gast": {
      "version": "10.1.2",
      "resolved": "https://registry.npmjs.org/@chevrotain/gast/-/gast-10.1.2.tgz",
      "integrity": "sha512-er+TcxUOMuGOPoiOq8CJsRm92zGE4YPIYtyxJfxoVwVgtj4AMrPNCmrHvYaK/bsbt2DaDuFdcbbAfM9bcBXW6Q==",
      "requires": {
        "@chevrotain/types": "^10.1.2",
        "lodash": "4.17.21"
      }
    },
    "@chevrotain/types": {
      "version": "10.1.2",
      "resolved": "https://registry.npmjs.org/@chevrotain/types/-/types-10.1.2.tgz",
      "integrity": "sha512-4qF9SmmWKv8AIG/3d+71VFuqLumNCQTP5GoL0CW6x7Ay2OdXm6FUgWFLTMneGUjYUk2C+MSCf7etQfdq3LEr1A=="
    },
    "@chevrotain/utils": {
      "version": "10.1.2",
      "resolved": "https://registry.npmjs.org/@chevrotain/utils/-/utils-10.1.2.tgz",
      "integrity": "sha512-bbZIpW6fdyf7FMaeDmw3cBbkTqsecxEkwlVKgVfqqXWBPLH6azxhPA2V9F7OhoZSVrsnMYw7QuyK6qutXPjEew=="
    },
    "assemblyscript": {
      "version": "0.20.4",
      "resolved": "https://registry.npmjs.org/assemblyscript/-/assemblyscript-0.20.4.tgz",
      "integrity": "sha512-ku/6G/Js5T3MGqQesaaBsZQA7EYi/hDIiR5EPEATHfJi/CTvmO7675SvRqUsk+RFtnjzEldZQk1VvQUq2Hx/xQ==",
      "dev": true,
      "requires": {
        "binaryen": "106.0.0-nightly.20220320",
        "long": "^5.2.0"
      }
    },
    "binaryen": {
      "version": "106.0.0-nightly.20220320",
      "resolved": "https://registry.npmjs.org/binaryen/-/binaryen-106.0.0-nightly.20220320.tgz",
      "integrity": "sha512-9Jzp9aOJ2uk2+viAiPr6+wi1BZKlxO4paTVm481RUEq3PIY63kdw78JoThrROt1s1qpCMuz0Oml6YqPJ7tep4w==",
      "dev": true
    },
    "chevrotain": {
      "version": "10.1.2",
      "resolved": "https://registry.npmjs.org/chevrotain/-/chevrotain-10.1.2.tgz",
      "integrity": "sha512-hvRiQuhhTZxkPMGD/dke+s1EGo8AkKDBU05CcufBO278qgAQSwIC4QyLdHz0CFHVtqVYWjlAS5D1KwvBbaHT+w==",
      "requires": {
        "@chevrotain/cst-dts-gen": "^10.1.2",
        "@chevrotain/gast": "^10.1.2",
        "@chevrotain/types": "^10.1.2",
        "@chevrotain/utils": "^10.1.2",
        "lodash": "4.17.21",
        "regexp-to-ast": "0.5.0"
      }
    },
    "concat-typed-array": {
      "version": "2.1.0",
      "resolved": "https://registry.npmjs.org/concat-typed-array/-/concat-typed-array-2.1.0.tgz",
      "integrity": "sha512-JnQo9gCrN2wlqqDksAWvpg4GLj7O9N81U6crXX2IdmGvx1PVvPoEbgTry4XbHkvKTtTmyIIb6zgXOcJ/q7kMrw=="
    },
    "lodash": {
      "version": "4.17.21",
      "resolved": "https://registry.npmjs.org/lodash/-/lodash-4.17.21.tgz",
      "integrity": "sha512-v2kDEe57lecTulaDIuNTPy3Ry4gLGJ6Z1O3vE1krgXZNrsQ+LFTGHVxVjcXPs17LhbZVGedAJv8XZ1tvj5FvSg=="
    },
    "long": {
      "version": "5.2.0",
      "resolved": "https://registry.npmjs.org/long/-/long-5.2.0.tgz",
      "integrity": "sha512-9RTUNjK60eJbx3uz+TEGF7fUr29ZDxR5QzXcyDpeSfeH28S9ycINflOgOlppit5U+4kNTe83KQnMEerw7GmE8w==",
      "dev": true
    },
    "regexp-to-ast": {
      "version": "0.5.0",
      "resolved": "https://registry.npmjs.org/regexp-to-ast/-/regexp-to-ast-0.5.0.tgz",
      "integrity": "sha512-tlbJqcMHnPKI9zSrystikWKwHkBqu2a/Sgw01h3zFjvYrMxEDYHzzoMZnUrbIfpTFEsoRnnviOXNCzFiSc54Qw=="
    }
  }
}
